// !$*UTF8*$!
{
	archiveVersion = 1;
	classes = {
	};
	objectVersion = 50;
	objects = {

/* Begin PBXBuildFile section */
		338C914D1D179DCE688A7D77 /* libPods-MaxDiary.a in Frameworks */ = {isa = PBXBuildFile; fileRef = 87423220036CC558B23B8BAD /* libPods-MaxDiary.a */; };
		563614A6222CC89F00EB68FD /* cityGroups.plist in Resources */ = {isa = PBXBuildFile; fileRef = 563614A5222CC89F00EB68FD /* cityGroups.plist */; };
		563614A9222CC8B500EB68FD /* CityGroup.m in Sources */ = {isa = PBXBuildFile; fileRef = 563614A8222CC8B500EB68FD /* CityGroup.m */; };
		563614AC222CC8D700EB68FD /* CityGroupTableViewController.m in Sources */ = {isa = PBXBuildFile; fileRef = 563614AB222CC8D700EB68FD /* CityGroupTableViewController.m */; };
		568CD1162227852F00FB53A4 /* AppDelegate.m in Sources */ = {isa = PBXBuildFile; fileRef = 568CD1152227852F00FB53A4 /* AppDelegate.m */; };
		568CD11C2227852F00FB53A4 /* Main.storyboard in Resources */ = {isa = PBXBuildFile; fileRef = 568CD11A2227852F00FB53A4 /* Main.storyboard */; };
		568CD1212227853100FB53A4 /* Assets.xcassets in Resources */ = {isa = PBXBuildFile; fileRef = 568CD1202227853100FB53A4 /* Assets.xcassets */; };
		568CD1242227853100FB53A4 /* LaunchScreen.storyboard in Resources */ = {isa = PBXBuildFile; fileRef = 568CD1222227853100FB53A4 /* LaunchScreen.storyboard */; };
		568CD1272227853100FB53A4 /* main.m in Sources */ = {isa = PBXBuildFile; fileRef = 568CD1262227853100FB53A4 /* main.m */; };
		568CD1312227853100FB53A4 /* MaxDiaryTests.m in Sources */ = {isa = PBXBuildFile; fileRef = 568CD1302227853100FB53A4 /* MaxDiaryTests.m */; };
		568CD13C2227853100FB53A4 /* MaxDiaryUITests.m in Sources */ = {isa = PBXBuildFile; fileRef = 568CD13B2227853100FB53A4 /* MaxDiaryUITests.m */; };
		568CD14D2227B0BA00FB53A4 /* BaseViewController.m in Sources */ = {isa = PBXBuildFile; fileRef = 568CD14C2227B0BA00FB53A4 /* BaseViewController.m */; };
		568CD1502227C09900FB53A4 /* ZJReachability.m in Sources */ = {isa = PBXBuildFile; fileRef = 568CD14F2227C09900FB53A4 /* ZJReachability.m */; };
		568CD15A2227D50500FB53A4 /* MaxDiary.xcdatamodeld in Sources */ = {isa = PBXBuildFile; fileRef = 568CD1582227D50500FB53A4 /* MaxDiary.xcdatamodeld */; };
		568CD1612227DAD900FB53A4 /* ZJTabBarController.m in Sources */ = {isa = PBXBuildFile; fileRef = 568CD1602227DAD900FB53A4 /* ZJTabBarController.m */; };
		568CD1652227DB1500FB53A4 /* ZJTabBar.m in Sources */ = {isa = PBXBuildFile; fileRef = 568CD1642227DB1500FB53A4 /* ZJTabBar.m */; };
		568CD1782227DE0700FB53A4 /* ZJHomeViewController.m in Sources */ = {isa = PBXBuildFile; fileRef = 568CD1772227DE0700FB53A4 /* ZJHomeViewController.m */; };
		568CD17B2227DE1800FB53A4 /* ZJCalendarViewController.m in Sources */ = {isa = PBXBuildFile; fileRef = 568CD17A2227DE1800FB53A4 /* ZJCalendarViewController.m */; };
		568CD17E2227DE2900FB53A4 /* ZJWriteViewController.m in Sources */ = {isa = PBXBuildFile; fileRef = 568CD17D2227DE2900FB53A4 /* ZJWriteViewController.m */; };
		568CD1842227DFAE00FB53A4 /* ZJNavigationController.m in Sources */ = {isa = PBXBuildFile; fileRef = 568CD1832227DFAE00FB53A4 /* ZJNavigationController.m */; };
		587CA851F37B4E0EBAF16372 /* libPods-MaxDiaryUITests.a in Frameworks */ = {isa = PBXBuildFile; fileRef = D941D0CA7AF65ABC6CDE4435 /* libPods-MaxDiaryUITests.a */; };
		FE9EFCB73EFB08A62ACAD9F5 /* libPods-MaxDiaryTests.a in Frameworks */ = {isa = PBXBuildFile; fileRef = 43461497DA2BC93B14174B41 /* libPods-MaxDiaryTests.a */; };
/* End PBXBuildFile section */

/* Begin PBXContainerItemProxy section */
		568CD12D2227853100FB53A4 /* PBXContainerItemProxy */ = {
			isa = PBXContainerItemProxy;
			containerPortal = 568CD1092227852F00FB53A4 /* Project object */;
			proxyType = 1;
			remoteGlobalIDString = 568CD1102227852F00FB53A4;
			remoteInfo = MaxDiary;
		};
		568CD1382227853100FB53A4 /* PBXContainerItemProxy */ = {
			isa = PBXContainerItemProxy;
			containerPortal = 568CD1092227852F00FB53A4 /* Project object */;
			proxyType = 1;
			remoteGlobalIDString = 568CD1102227852F00FB53A4;
			remoteInfo = MaxDiary;
		};
/* End PBXContainerItemProxy section */

/* Begin PBXFileReference section */
		13A1E2CA9600E4501AC08AE5 /* Pods-MaxDiaryTests.release.xcconfig */ = {isa = PBXFileReference; includeInIndex = 1; lastKnownFileType = text.xcconfig; name = "Pods-MaxDiaryTests.release.xcconfig"; path = "Pods/Target Support Files/Pods-MaxDiaryTests/Pods-MaxDiaryTests.release.xcconfig"; sourceTree = "<group>"; };
		43461497DA2BC93B14174B41 /* libPods-MaxDiaryTests.a */ = {isa = PBXFileReference; explicitFileType = archive.ar; includeInIndex = 0; path = "libPods-MaxDiaryTests.a"; sourceTree = BUILT_PRODUCTS_DIR; };
		4775147C6F6ED317821AD0C2 /* Pods-MaxDiaryUITests.release.xcconfig */ = {isa = PBXFileReference; includeInIndex = 1; lastKnownFileType = text.xcconfig; name = "Pods-MaxDiaryUITests.release.xcconfig"; path = "Pods/Target Support Files/Pods-MaxDiaryUITests/Pods-MaxDiaryUITests.release.xcconfig"; sourceTree = "<group>"; };
		563614A5222CC89F00EB68FD /* cityGroups.plist */ = {isa = PBXFileReference; fileEncoding = 4; lastKnownFileType = text.plist.xml; path = cityGroups.plist; sourceTree = "<group>"; };
		563614A7222CC8B500EB68FD /* CityGroup.h */ = {isa = PBXFileReference; lastKnownFileType = sourcecode.c.h; path = CityGroup.h; sourceTree = "<group>"; };
		563614A8222CC8B500EB68FD /* CityGroup.m */ = {isa = PBXFileReference; lastKnownFileType = sourcecode.c.objc; path = CityGroup.m; sourceTree = "<group>"; };
		563614AA222CC8D700EB68FD /* CityGroupTableViewController.h */ = {isa = PBXFileReference; lastKnownFileType = sourcecode.c.h; path = CityGroupTableViewController.h; sourceTree = "<group>"; };
		563614AB222CC8D700EB68FD /* CityGroupTableViewController.m */ = {isa = PBXFileReference; lastKnownFileType = sourcecode.c.objc; path = CityGroupTableViewController.m; sourceTree = "<group>"; };
		568CD1112227852F00FB53A4 /* MaxDiary.app */ = {isa = PBXFileReference; explicitFileType = wrapper.application; includeInIndex = 0; path = MaxDiary.app; sourceTree = BUILT_PRODUCTS_DIR; };
		568CD1142227852F00FB53A4 /* AppDelegate.h */ = {isa = PBXFileReference; lastKnownFileType = sourcecode.c.h; path = AppDelegate.h; sourceTree = "<group>"; };
		568CD1152227852F00FB53A4 /* AppDelegate.m */ = {isa = PBXFileReference; lastKnownFileType = sourcecode.c.objc; path = AppDelegate.m; sourceTree = "<group>"; };
		568CD11B2227852F00FB53A4 /* Base */ = {isa = PBXFileReference; lastKnownFileType = file.storyboard; name = Base; path = Base.lproj/Main.storyboard; sourceTree = "<group>"; };
		568CD1202227853100FB53A4 /* Assets.xcassets */ = {isa = PBXFileReference; lastKnownFileType = folder.assetcatalog; path = Assets.xcassets; sourceTree = "<group>"; };
		568CD1232227853100FB53A4 /* Base */ = {isa = PBXFileReference; lastKnownFileType = file.storyboard; name = Base; path = Base.lproj/LaunchScreen.storyboard; sourceTree = "<group>"; };
		568CD1252227853100FB53A4 /* Info.plist */ = {isa = PBXFileReference; lastKnownFileType = text.plist.xml; path = Info.plist; sourceTree = "<group>"; };
		568CD1262227853100FB53A4 /* main.m */ = {isa = PBXFileReference; lastKnownFileType = sourcecode.c.objc; path = main.m; sourceTree = "<group>"; };
		568CD12C2227853100FB53A4 /* MaxDiaryTests.xctest */ = {isa = PBXFileReference; explicitFileType = wrapper.cfbundle; includeInIndex = 0; path = MaxDiaryTests.xctest; sourceTree = BUILT_PRODUCTS_DIR; };
		568CD1302227853100FB53A4 /* MaxDiaryTests.m */ = {isa = PBXFileReference; lastKnownFileType = sourcecode.c.objc; path = MaxDiaryTests.m; sourceTree = "<group>"; };
		568CD1322227853100FB53A4 /* Info.plist */ = {isa = PBXFileReference; lastKnownFileType = text.plist.xml; path = Info.plist; sourceTree = "<group>"; };
		568CD1372227853100FB53A4 /* MaxDiaryUITests.xctest */ = {isa = PBXFileReference; explicitFileType = wrapper.cfbundle; includeInIndex = 0; path = MaxDiaryUITests.xctest; sourceTree = BUILT_PRODUCTS_DIR; };
		568CD13B2227853100FB53A4 /* MaxDiaryUITests.m */ = {isa = PBXFileReference; lastKnownFileType = sourcecode.c.objc; path = MaxDiaryUITests.m; sourceTree = "<group>"; };
		568CD13D2227853100FB53A4 /* Info.plist */ = {isa = PBXFileReference; lastKnownFileType = text.plist.xml; path = Info.plist; sourceTree = "<group>"; };
		568CD14B2227B0BA00FB53A4 /* BaseViewController.h */ = {isa = PBXFileReference; lastKnownFileType = sourcecode.c.h; path = BaseViewController.h; sourceTree = "<group>"; };
		568CD14C2227B0BA00FB53A4 /* BaseViewController.m */ = {isa = PBXFileReference; lastKnownFileType = sourcecode.c.objc; path = BaseViewController.m; sourceTree = "<group>"; };
		568CD14E2227C09900FB53A4 /* ZJReachability.h */ = {isa = PBXFileReference; lastKnownFileType = sourcecode.c.h; path = ZJReachability.h; sourceTree = "<group>"; };
		568CD14F2227C09900FB53A4 /* ZJReachability.m */ = {isa = PBXFileReference; lastKnownFileType = sourcecode.c.objc; path = ZJReachability.m; sourceTree = "<group>"; };
		568CD1512227CE1100FB53A4 /* MaxDiary-Prefix.pch */ = {isa = PBXFileReference; lastKnownFileType = sourcecode.c.h; path = "MaxDiary-Prefix.pch"; sourceTree = "<group>"; };
		568CD1592227D50500FB53A4 /* MaxDiary.xcdatamodel */ = {isa = PBXFileReference; lastKnownFileType = wrapper.xcdatamodel; path = MaxDiary.xcdatamodel; sourceTree = "<group>"; };
		568CD15F2227DAD900FB53A4 /* ZJTabBarController.h */ = {isa = PBXFileReference; lastKnownFileType = sourcecode.c.h; path = ZJTabBarController.h; sourceTree = "<group>"; };
		568CD1602227DAD900FB53A4 /* ZJTabBarController.m */ = {isa = PBXFileReference; lastKnownFileType = sourcecode.c.objc; path = ZJTabBarController.m; sourceTree = "<group>"; };
		568CD1632227DB1500FB53A4 /* ZJTabBar.h */ = {isa = PBXFileReference; lastKnownFileType = sourcecode.c.h; path = ZJTabBar.h; sourceTree = "<group>"; };
		568CD1642227DB1500FB53A4 /* ZJTabBar.m */ = {isa = PBXFileReference; lastKnownFileType = sourcecode.c.objc; path = ZJTabBar.m; sourceTree = "<group>"; };
		568CD1762227DE0700FB53A4 /* ZJHomeViewController.h */ = {isa = PBXFileReference; lastKnownFileType = sourcecode.c.h; path = ZJHomeViewController.h; sourceTree = "<group>"; };
		568CD1772227DE0700FB53A4 /* ZJHomeViewController.m */ = {isa = PBXFileReference; lastKnownFileType = sourcecode.c.objc; path = ZJHomeViewController.m; sourceTree = "<group>"; };
		568CD1792227DE1800FB53A4 /* ZJCalendarViewController.h */ = {isa = PBXFileReference; lastKnownFileType = sourcecode.c.h; path = ZJCalendarViewController.h; sourceTree = "<group>"; };
		568CD17A2227DE1800FB53A4 /* ZJCalendarViewController.m */ = {isa = PBXFileReference; lastKnownFileType = sourcecode.c.objc; path = ZJCalendarViewController.m; sourceTree = "<group>"; };
		568CD17C2227DE2900FB53A4 /* ZJWriteViewController.h */ = {isa = PBXFileReference; lastKnownFileType = sourcecode.c.h; path = ZJWriteViewController.h; sourceTree = "<group>"; };
		568CD17D2227DE2900FB53A4 /* ZJWriteViewController.m */ = {isa = PBXFileReference; lastKnownFileType = sourcecode.c.objc; path = ZJWriteViewController.m; sourceTree = "<group>"; };
		568CD1822227DFAE00FB53A4 /* ZJNavigationController.h */ = {isa = PBXFileReference; lastKnownFileType = sourcecode.c.h; path = ZJNavigationController.h; sourceTree = "<group>"; };
		568CD1832227DFAE00FB53A4 /* ZJNavigationController.m */ = {isa = PBXFileReference; lastKnownFileType = sourcecode.c.objc; path = ZJNavigationController.m; sourceTree = "<group>"; };
		87423220036CC558B23B8BAD /* libPods-MaxDiary.a */ = {isa = PBXFileReference; explicitFileType = archive.ar; includeInIndex = 0; path = "libPods-MaxDiary.a"; sourceTree = BUILT_PRODUCTS_DIR; };
		9D8246678F9AE80587982557 /* Pods-MaxDiary.release.xcconfig */ = {isa = PBXFileReference; includeInIndex = 1; lastKnownFileType = text.xcconfig; name = "Pods-MaxDiary.release.xcconfig"; path = "Pods/Target Support Files/Pods-MaxDiary/Pods-MaxDiary.release.xcconfig"; sourceTree = "<group>"; };
		B3B3939CB5C8D70B41F51253 /* Pods-MaxDiaryUITests.debug.xcconfig */ = {isa = PBXFileReference; includeInIndex = 1; lastKnownFileType = text.xcconfig; name = "Pods-MaxDiaryUITests.debug.xcconfig"; path = "Pods/Target Support Files/Pods-MaxDiaryUITests/Pods-MaxDiaryUITests.debug.xcconfig"; sourceTree = "<group>"; };
		C4F807930CD5084EE3FD7786 /* Pods-MaxDiary.debug.xcconfig */ = {isa = PBXFileReference; includeInIndex = 1; lastKnownFileType = text.xcconfig; name = "Pods-MaxDiary.debug.xcconfig"; path = "Pods/Target Support Files/Pods-MaxDiary/Pods-MaxDiary.debug.xcconfig"; sourceTree = "<group>"; };
		D941D0CA7AF65ABC6CDE4435 /* libPods-MaxDiaryUITests.a */ = {isa = PBXFileReference; explicitFileType = archive.ar; includeInIndex = 0; path = "libPods-MaxDiaryUITests.a"; sourceTree = BUILT_PRODUCTS_DIR; };
		F7125CB84377DFF372953EC9 /* Pods-MaxDiaryTests.debug.xcconfig */ = {isa = PBXFileReference; includeInIndex = 1; lastKnownFileType = text.xcconfig; name = "Pods-MaxDiaryTests.debug.xcconfig"; path = "Pods/Target Support Files/Pods-MaxDiaryTests/Pods-MaxDiaryTests.debug.xcconfig"; sourceTree = "<group>"; };
/* End PBXFileReference section */

/* Begin PBXFrameworksBuildPhase section */
		568CD10E2227852F00FB53A4 /* Frameworks */ = {
			isa = PBXFrameworksBuildPhase;
			buildActionMask = 2147483647;
			files = (
				338C914D1D179DCE688A7D77 /* libPods-MaxDiary.a in Frameworks */,
			);
			runOnlyForDeploymentPostprocessing = 0;
		};
		568CD1292227853100FB53A4 /* Frameworks */ = {
			isa = PBXFrameworksBuildPhase;
			buildActionMask = 2147483647;
			files = (
				FE9EFCB73EFB08A62ACAD9F5 /* libPods-MaxDiaryTests.a in Frameworks */,
			);
			runOnlyForDeploymentPostprocessing = 0;
		};
		568CD1342227853100FB53A4 /* Frameworks */ = {
			isa = PBXFrameworksBuildPhase;
			buildActionMask = 2147483647;
			files = (
				587CA851F37B4E0EBAF16372 /* libPods-MaxDiaryUITests.a in Frameworks */,
			);
			runOnlyForDeploymentPostprocessing = 0;
		};
/* End PBXFrameworksBuildPhase section */

/* Begin PBXGroup section */
		47A85F24C977086E2C60870C /* Frameworks */ = {
			isa = PBXGroup;
			children = (
				87423220036CC558B23B8BAD /* libPods-MaxDiary.a */,
				43461497DA2BC93B14174B41 /* libPods-MaxDiaryTests.a */,
				D941D0CA7AF65ABC6CDE4435 /* libPods-MaxDiaryUITests.a */,
			);
			name = Frameworks;
			sourceTree = "<group>";
		};
		563614A4222CC87A00EB68FD /* City */ = {
			isa = PBXGroup;
			children = (
				563614A5222CC89F00EB68FD /* cityGroups.plist */,
				563614A7222CC8B500EB68FD /* CityGroup.h */,
				563614A8222CC8B500EB68FD /* CityGroup.m */,
				563614AA222CC8D700EB68FD /* CityGroupTableViewController.h */,
				563614AB222CC8D700EB68FD /* CityGroupTableViewController.m */,
			);
			path = City;
			sourceTree = "<group>";
		};
		568CD1082227852F00FB53A4 = {
			isa = PBXGroup;
			children = (
				568CD1132227852F00FB53A4 /* MaxDiary */,
				568CD12F2227853100FB53A4 /* MaxDiaryTests */,
				568CD13A2227853100FB53A4 /* MaxDiaryUITests */,
				568CD1122227852F00FB53A4 /* Products */,
				BD613BB2F5EEBC55C34D08B0 /* Pods */,
				47A85F24C977086E2C60870C /* Frameworks */,
			);
			sourceTree = "<group>";
		};
		568CD1122227852F00FB53A4 /* Products */ = {
			isa = PBXGroup;
			children = (
				568CD1112227852F00FB53A4 /* MaxDiary.app */,
				568CD12C2227853100FB53A4 /* MaxDiaryTests.xctest */,
				568CD1372227853100FB53A4 /* MaxDiaryUITests.xctest */,
			);
			name = Products;
			sourceTree = "<group>";
		};
		568CD1132227852F00FB53A4 /* MaxDiary */ = {
			isa = PBXGroup;
			children = (
				563614A4222CC87A00EB68FD /* City */,
				568CD1682227DCCE00FB53A4 /* Write */,
				568CD1672227DC9400FB53A4 /* Calendar */,
				568CD1662227DC8D00FB53A4 /* Home */,
				568CD15B2227D5C300FB53A4 /* Main */,
				568CD14A2227AF8900FB53A4 /* Resources */,
				568CD1492227AF0200FB53A4 /* Base */,
				568CD1262227853100FB53A4 /* main.m */,
			);
			path = MaxDiary;
			sourceTree = "<group>";
		};
		568CD12F2227853100FB53A4 /* MaxDiaryTests */ = {
			isa = PBXGroup;
			children = (
				568CD1302227853100FB53A4 /* MaxDiaryTests.m */,
				568CD1322227853100FB53A4 /* Info.plist */,
			);
			path = MaxDiaryTests;
			sourceTree = "<group>";
		};
		568CD13A2227853100FB53A4 /* MaxDiaryUITests */ = {
			isa = PBXGroup;
			children = (
				568CD13B2227853100FB53A4 /* MaxDiaryUITests.m */,
				568CD13D2227853100FB53A4 /* Info.plist */,
			);
			path = MaxDiaryUITests;
			sourceTree = "<group>";
		};
		568CD1492227AF0200FB53A4 /* Base */ = {
			isa = PBXGroup;
			children = (
				568CD14B2227B0BA00FB53A4 /* BaseViewController.h */,
				568CD14C2227B0BA00FB53A4 /* BaseViewController.m */,
				568CD14E2227C09900FB53A4 /* ZJReachability.h */,
				568CD14F2227C09900FB53A4 /* ZJReachability.m */,
			);
			path = Base;
			sourceTree = "<group>";
		};
		568CD14A2227AF8900FB53A4 /* Resources */ = {
			isa = PBXGroup;
			children = (
				568CD1142227852F00FB53A4 /* AppDelegate.h */,
				568CD1152227852F00FB53A4 /* AppDelegate.m */,
				568CD11A2227852F00FB53A4 /* Main.storyboard */,
				568CD1202227853100FB53A4 /* Assets.xcassets */,
				568CD1222227853100FB53A4 /* LaunchScreen.storyboard */,
				568CD1252227853100FB53A4 /* Info.plist */,
				568CD1512227CE1100FB53A4 /* MaxDiary-Prefix.pch */,
				568CD1582227D50500FB53A4 /* MaxDiary.xcdatamodeld */,
			);
			path = Resources;
			sourceTree = "<group>";
		};
		568CD15B2227D5C300FB53A4 /* Main */ = {
			isa = PBXGroup;
			children = (
				568CD1622227DAFE00FB53A4 /* View */,
				568CD15F2227DAD900FB53A4 /* ZJTabBarController.h */,
				568CD1602227DAD900FB53A4 /* ZJTabBarController.m */,
				568CD1822227DFAE00FB53A4 /* ZJNavigationController.h */,
				568CD1832227DFAE00FB53A4 /* ZJNavigationController.m */,
			);
			path = Main;
			sourceTree = "<group>";
		};
		568CD1622227DAFE00FB53A4 /* View */ = {
			isa = PBXGroup;
			children = (
				568CD1632227DB1500FB53A4 /* ZJTabBar.h */,
				568CD1642227DB1500FB53A4 /* ZJTabBar.m */,
			);
			path = View;
			sourceTree = "<group>";
		};
		568CD1662227DC8D00FB53A4 /* Home */ = {
			isa = PBXGroup;
			children = (
				568CD1762227DE0700FB53A4 /* ZJHomeViewController.h */,
				568CD1772227DE0700FB53A4 /* ZJHomeViewController.m */,
			);
			path = Home;
			sourceTree = "<group>";
		};
		568CD1672227DC9400FB53A4 /* Calendar */ = {
			isa = PBXGroup;
			children = (
				568CD1792227DE1800FB53A4 /* ZJCalendarViewController.h */,
				568CD17A2227DE1800FB53A4 /* ZJCalendarViewController.m */,
			);
			path = Calendar;
			sourceTree = "<group>";
		};
		568CD1682227DCCE00FB53A4 /* Write */ = {
			isa = PBXGroup;
			children = (
				568CD17C2227DE2900FB53A4 /* ZJWriteViewController.h */,
				568CD17D2227DE2900FB53A4 /* ZJWriteViewController.m */,
			);
			path = Write;
			sourceTree = "<group>";
		};
		BD613BB2F5EEBC55C34D08B0 /* Pods */ = {
			isa = PBXGroup;
			children = (
				C4F807930CD5084EE3FD7786 /* Pods-MaxDiary.debug.xcconfig */,
				9D8246678F9AE80587982557 /* Pods-MaxDiary.release.xcconfig */,
				F7125CB84377DFF372953EC9 /* Pods-MaxDiaryTests.debug.xcconfig */,
				13A1E2CA9600E4501AC08AE5 /* Pods-MaxDiaryTests.release.xcconfig */,
				B3B3939CB5C8D70B41F51253 /* Pods-MaxDiaryUITests.debug.xcconfig */,
				4775147C6F6ED317821AD0C2 /* Pods-MaxDiaryUITests.release.xcconfig */,
			);
			name = Pods;
			sourceTree = "<group>";
		};
/* End PBXGroup section */

/* Begin PBXNativeTarget section */
		568CD1102227852F00FB53A4 /* MaxDiary */ = {
			isa = PBXNativeTarget;
			buildConfigurationList = 568CD1402227853100FB53A4 /* Build configuration list for PBXNativeTarget "MaxDiary" */;
			buildPhases = (
				2F6E35DA19FBC558EF638744 /* [CP] Check Pods Manifest.lock */,
				568CD10D2227852F00FB53A4 /* Sources */,
				568CD10E2227852F00FB53A4 /* Frameworks */,
				568CD10F2227852F00FB53A4 /* Resources */,
				FE8A696BF019991AF560A14F /* [CP] Copy Pods Resources */,
			);
			buildRules = (
			);
			dependencies = (
			);
			name = MaxDiary;
			productName = MaxDiary;
			productReference = 568CD1112227852F00FB53A4 /* MaxDiary.app */;
			productType = "com.apple.product-type.application";
		};
		568CD12B2227853100FB53A4 /* MaxDiaryTests */ = {
			isa = PBXNativeTarget;
			buildConfigurationList = 568CD1432227853100FB53A4 /* Build configuration list for PBXNativeTarget "MaxDiaryTests" */;
			buildPhases = (
				7EED9D38D6FEC331A25F8C39 /* [CP] Check Pods Manifest.lock */,
				568CD1282227853100FB53A4 /* Sources */,
				568CD1292227853100FB53A4 /* Frameworks */,
				568CD12A2227853100FB53A4 /* Resources */,
			);
			buildRules = (
			);
			dependencies = (
				568CD12E2227853100FB53A4 /* PBXTargetDependency */,
			);
			name = MaxDiaryTests;
			productName = MaxDiaryTests;
			productReference = 568CD12C2227853100FB53A4 /* MaxDiaryTests.xctest */;
			productType = "com.apple.product-type.bundle.unit-test";
		};
		568CD1362227853100FB53A4 /* MaxDiaryUITests */ = {
			isa = PBXNativeTarget;
			buildConfigurationList = 568CD1462227853100FB53A4 /* Build configuration list for PBXNativeTarget "MaxDiaryUITests" */;
			buildPhases = (
				4FC0EDBAD8BE0DE4085CE872 /* [CP] Check Pods Manifest.lock */,
				568CD1332227853100FB53A4 /* Sources */,
				568CD1342227853100FB53A4 /* Frameworks */,
				568CD1352227853100FB53A4 /* Resources */,
			);
			buildRules = (
			);
			dependencies = (
				568CD1392227853100FB53A4 /* PBXTargetDependency */,
			);
			name = MaxDiaryUITests;
			productName = MaxDiaryUITests;
			productReference = 568CD1372227853100FB53A4 /* MaxDiaryUITests.xctest */;
			productType = "com.apple.product-type.bundle.ui-testing";
		};
/* End PBXNativeTarget section */

/* Begin PBXProject section */
		568CD1092227852F00FB53A4 /* Project object */ = {
			isa = PBXProject;
			attributes = {
				LastUpgradeCheck = 1010;
				ORGANIZATIONNAME = "陈子健";
				TargetAttributes = {
					568CD1102227852F00FB53A4 = {
						CreatedOnToolsVersion = 10.1;
					};
					568CD12B2227853100FB53A4 = {
						CreatedOnToolsVersion = 10.1;
						TestTargetID = 568CD1102227852F00FB53A4;
					};
					568CD1362227853100FB53A4 = {
						CreatedOnToolsVersion = 10.1;
						TestTargetID = 568CD1102227852F00FB53A4;
					};
				};
			};
			buildConfigurationList = 568CD10C2227852F00FB53A4 /* Build configuration list for PBXProject "MaxDiary" */;
			compatibilityVersion = "Xcode 9.3";
			developmentRegion = en;
			hasScannedForEncodings = 0;
			knownRegions = (
				en,
				Base,
			);
			mainGroup = 568CD1082227852F00FB53A4;
			productRefGroup = 568CD1122227852F00FB53A4 /* Products */;
			projectDirPath = "";
			projectRoot = "";
			targets = (
				568CD1102227852F00FB53A4 /* MaxDiary */,
				568CD12B2227853100FB53A4 /* MaxDiaryTests */,
				568CD1362227853100FB53A4 /* MaxDiaryUITests */,
			);
		};
/* End PBXProject section */

/* Begin PBXResourcesBuildPhase section */
		568CD10F2227852F00FB53A4 /* Resources */ = {
			isa = PBXResourcesBuildPhase;
			buildActionMask = 2147483647;
			files = (
				568CD1242227853100FB53A4 /* LaunchScreen.storyboard in Resources */,
				568CD1212227853100FB53A4 /* Assets.xcassets in Resources */,
				568CD11C2227852F00FB53A4 /* Main.storyboard in Resources */,
				563614A6222CC89F00EB68FD /* cityGroups.plist in Resources */,
			);
			runOnlyForDeploymentPostprocessing = 0;
		};
		568CD12A2227853100FB53A4 /* Resources */ = {
			isa = PBXResourcesBuildPhase;
			buildActionMask = 2147483647;
			files = (
			);
			runOnlyForDeploymentPostprocessing = 0;
		};
		568CD1352227853100FB53A4 /* Resources */ = {
			isa = PBXResourcesBuildPhase;
			buildActionMask = 2147483647;
			files = (
			);
			runOnlyForDeploymentPostprocessing = 0;
		};
/* End PBXResourcesBuildPhase section */

/* Begin PBXShellScriptBuildPhase section */
		2F6E35DA19FBC558EF638744 /* [CP] Check Pods Manifest.lock */ = {
			isa = PBXShellScriptBuildPhase;
			buildActionMask = 2147483647;
			files = (
			);
			inputFileListPaths = (
			);
			inputPaths = (
				"${PODS_PODFILE_DIR_PATH}/Podfile.lock",
				"${PODS_ROOT}/Manifest.lock",
			);
			name = "[CP] Check Pods Manifest.lock";
			outputFileListPaths = (
			);
			outputPaths = (
				"$(DERIVED_FILE_DIR)/Pods-MaxDiary-checkManifestLockResult.txt",
			);
			runOnlyForDeploymentPostprocessing = 0;
			shellPath = /bin/sh;
			shellScript = "diff \"${PODS_PODFILE_DIR_PATH}/Podfile.lock\" \"${PODS_ROOT}/Manifest.lock\" > /dev/null\nif [ $? != 0 ] ; then\n    # print error to STDERR\n    echo \"error: The sandbox is not in sync with the Podfile.lock. Run 'pod install' or update your CocoaPods installation.\" >&2\n    exit 1\nfi\n# This output is used by Xcode 'outputs' to avoid re-running this script phase.\necho \"SUCCESS\" > \"${SCRIPT_OUTPUT_FILE_0}\"\n";
			showEnvVarsInLog = 0;
		};
		4FC0EDBAD8BE0DE4085CE872 /* [CP] Check Pods Manifest.lock */ = {
			isa = PBXShellScriptBuildPhase;
			buildActionMask = 2147483647;
			files = (
			);
			inputFileListPaths = (
			);
			inputPaths = (
				"${PODS_PODFILE_DIR_PATH}/Podfile.lock",
				"${PODS_ROOT}/Manifest.lock",
			);
			name = "[CP] Check Pods Manifest.lock";
			outputFileListPaths = (
			);
			outputPaths = (
				"$(DERIVED_FILE_DIR)/Pods-MaxDiaryUITests-checkManifestLockResult.txt",
			);
			runOnlyForDeploymentPostprocessing = 0;
			shellPath = /bin/sh;
			shellScript = "diff \"${PODS_PODFILE_DIR_PATH}/Podfile.lock\" \"${PODS_ROOT}/Manifest.lock\" > /dev/null\nif [ $? != 0 ] ; then\n    # print error to STDERR\n    echo \"error: The sandbox is not in sync with the Podfile.lock. Run 'pod install' or update your CocoaPods installation.\" >&2\n    exit 1\nfi\n# This output is used by Xcode 'outputs' to avoid re-running this script phase.\necho \"SUCCESS\" > \"${SCRIPT_OUTPUT_FILE_0}\"\n";
			showEnvVarsInLog = 0;
		};
		7EED9D38D6FEC331A25F8C39 /* [CP] Check Pods Manifest.lock */ = {
			isa = PBXShellScriptBuildPhase;
			buildActionMask = 2147483647;
			files = (
			);
			inputFileListPaths = (
			);
			inputPaths = (
				"${PODS_PODFILE_DIR_PATH}/Podfile.lock",
				"${PODS_ROOT}/Manifest.lock",
			);
			name = "[CP] Check Pods Manifest.lock";
			outputFileListPaths = (
			);
			outputPaths = (
				"$(DERIVED_FILE_DIR)/Pods-MaxDiaryTests-checkManifestLockResult.txt",
			);
			runOnlyForDeploymentPostprocessing = 0;
			shellPath = /bin/sh;
			shellScript = "diff \"${PODS_PODFILE_DIR_PATH}/Podfile.lock\" \"${PODS_ROOT}/Manifest.lock\" > /dev/null\nif [ $? != 0 ] ; then\n    # print error to STDERR\n    echo \"error: The sandbox is not in sync with the Podfile.lock. Run 'pod install' or update your CocoaPods installation.\" >&2\n    exit 1\nfi\n# This output is used by Xcode 'outputs' to avoid re-running this script phase.\necho \"SUCCESS\" > \"${SCRIPT_OUTPUT_FILE_0}\"\n";
			showEnvVarsInLog = 0;
		};
		FE8A696BF019991AF560A14F /* [CP] Copy Pods Resources */ = {
			isa = PBXShellScriptBuildPhase;
			buildActionMask = 2147483647;
			files = (
			);
			inputFileListPaths = (
			);
			inputPaths = (
				"${SRCROOT}/Pods/Target Support Files/Pods-MaxDiary/Pods-MaxDiary-resources.sh",
				"${PODS_ROOT}/MJRefresh/MJRefresh/MJRefresh.bundle",
			);
			name = "[CP] Copy Pods Resources";
			outputFileListPaths = (
			);
			outputPaths = (
				"${TARGET_BUILD_DIR}/${UNLOCALIZED_RESOURCES_FOLDER_PATH}/MJRefresh.bundle",
			);
			runOnlyForDeploymentPostprocessing = 0;
			shellPath = /bin/sh;
			shellScript = "\"${SRCROOT}/Pods/Target Support Files/Pods-MaxDiary/Pods-MaxDiary-resources.sh\"\n";
			showEnvVarsInLog = 0;
		};
/* End PBXShellScriptBuildPhase section */

/* Begin PBXSourcesBuildPhase section */
		568CD10D2227852F00FB53A4 /* Sources */ = {
			isa = PBXSourcesBuildPhase;
			buildActionMask = 2147483647;
			files = (
				568CD1842227DFAE00FB53A4 /* ZJNavigationController.m in Sources */,
				568CD1782227DE0700FB53A4 /* ZJHomeViewController.m in Sources */,
				568CD14D2227B0BA00FB53A4 /* BaseViewController.m in Sources */,
				568CD15A2227D50500FB53A4 /* MaxDiary.xcdatamodeld in Sources */,
				563614AC222CC8D700EB68FD /* CityGroupTableViewController.m in Sources */,
				568CD1502227C09900FB53A4 /* ZJReachability.m in Sources */,
				563614A9222CC8B500EB68FD /* CityGroup.m in Sources */,
				568CD17E2227DE2900FB53A4 /* ZJWriteViewController.m in Sources */,
				568CD17B2227DE1800FB53A4 /* ZJCalendarViewController.m in Sources */,
				568CD1612227DAD900FB53A4 /* ZJTabBarController.m in Sources */,
				568CD1652227DB1500FB53A4 /* ZJTabBar.m in Sources */,
				568CD1162227852F00FB53A4 /* AppDelegate.m in Sources */,
				568CD1272227853100FB53A4 /* main.m in Sources */,
			);
			runOnlyForDeploymentPostprocessing = 0;
		};
		568CD1282227853100FB53A4 /* Sources */ = {
			isa = PBXSourcesBuildPhase;
			buildActionMask = 2147483647;
			files = (
				568CD1312227853100FB53A4 /* MaxDiaryTests.m in Sources */,
			);
			runOnlyForDeploymentPostprocessing = 0;
		};
		568CD1332227853100FB53A4 /* Sources */ = {
			isa = PBXSourcesBuildPhase;
			buildActionMask = 2147483647;
			files = (
				568CD13C2227853100FB53A4 /* MaxDiaryUITests.m in Sources */,
			);
			runOnlyForDeploymentPostprocessing = 0;
		};
/* End PBXSourcesBuildPhase section */

/* Begin PBXTargetDependency section */
		568CD12E2227853100FB53A4 /* PBXTargetDependency */ = {
			isa = PBXTargetDependency;
			target = 568CD1102227852F00FB53A4 /* MaxDiary */;
			targetProxy = 568CD12D2227853100FB53A4 /* PBXContainerItemProxy */;
		};
		568CD1392227853100FB53A4 /* PBXTargetDependency */ = {
			isa = PBXTargetDependency;
			target = 568CD1102227852F00FB53A4 /* MaxDiary */;
			targetProxy = 568CD1382227853100FB53A4 /* PBXContainerItemProxy */;
		};
/* End PBXTargetDependency section */

/* Begin PBXVariantGroup section */
		568CD11A2227852F00FB53A4 /* Main.storyboard */ = {
			isa = PBXVariantGroup;
			children = (
				568CD11B2227852F00FB53A4 /* Base */,
			);
			name = Main.storyboard;
			sourceTree = "<group>";
		};
		568CD1222227853100FB53A4 /* LaunchScreen.storyboard */ = {
			isa = PBXVariantGroup;
			children = (
				568CD1232227853100FB53A4 /* Base */,
			);
			name = LaunchScreen.storyboard;
			sourceTree = "<group>";
		};
/* End PBXVariantGroup section */

/* Begin XCBuildConfiguration section */
		568CD13E2227853100FB53A4 /* Debug */ = {
			isa = XCBuildConfiguration;
			buildSettings = {
				ALWAYS_SEARCH_USER_PATHS = NO;
				CLANG_ANALYZER_NONNULL = YES;
				CLANG_ANALYZER_NUMBER_OBJECT_CONVERSION = YES_AGGRESSIVE;
				CLANG_CXX_LANGUAGE_STANDARD = "gnu++14";
				CLANG_CXX_LIBRARY = "libc++";
				CLANG_ENABLE_MODULES = YES;
				CLANG_ENABLE_OBJC_ARC = YES;
				CLANG_ENABLE_OBJC_WEAK = YES;
				CLANG_WARN_BLOCK_CAPTURE_AUTORELEASING = YES;
				CLANG_WARN_BOOL_CONVERSION = YES;
				CLANG_WARN_COMMA = YES;
				CLANG_WARN_CONSTANT_CONVERSION = YES;
				CLANG_WARN_DEPRECATED_OBJC_IMPLEMENTATIONS = YES;
				CLANG_WARN_DIRECT_OBJC_ISA_USAGE = YES_ERROR;
				CLANG_WARN_DOCUMENTATION_COMMENTS = YES;
				CLANG_WARN_EMPTY_BODY = YES;
				CLANG_WARN_ENUM_CONVERSION = YES;
				CLANG_WARN_INFINITE_RECURSION = YES;
				CLANG_WARN_INT_CONVERSION = YES;
				CLANG_WARN_NON_LITERAL_NULL_CONVERSION = YES;
				CLANG_WARN_OBJC_IMPLICIT_RETAIN_SELF = YES;
				CLANG_WARN_OBJC_LITERAL_CONVERSION = YES;
				CLANG_WARN_OBJC_ROOT_CLASS = YES_ERROR;
				CLANG_WARN_RANGE_LOOP_ANALYSIS = YES;
				CLANG_WARN_STRICT_PROTOTYPES = YES;
				CLANG_WARN_SUSPICIOUS_MOVE = YES;
				CLANG_WARN_UNGUARDED_AVAILABILITY = YES_AGGRESSIVE;
				CLANG_WARN_UNREACHABLE_CODE = YES;
				CLANG_WARN__DUPLICATE_METHOD_MATCH = YES;
				CODE_SIGN_IDENTITY = "iPhone Developer";
				COPY_PHASE_STRIP = NO;
				DEBUG_INFORMATION_FORMAT = dwarf;
				ENABLE_STRICT_OBJC_MSGSEND = YES;
				ENABLE_TESTABILITY = YES;
				GCC_C_LANGUAGE_STANDARD = gnu11;
				GCC_DYNAMIC_NO_PIC = NO;
				GCC_NO_COMMON_BLOCKS = YES;
				GCC_OPTIMIZATION_LEVEL = 0;
				GCC_PREPROCESSOR_DEFINITIONS = (
					"DEBUG=1",
					"$(inherited)",
				);
				GCC_WARN_64_TO_32_BIT_CONVERSION = YES;
				GCC_WARN_ABOUT_RETURN_TYPE = YES_ERROR;
				GCC_WARN_UNDECLARED_SELECTOR = YES;
				GCC_WARN_UNINITIALIZED_AUTOS = YES_AGGRESSIVE;
				GCC_WARN_UNUSED_FUNCTION = YES;
				GCC_WARN_UNUSED_VARIABLE = YES;
				IPHONEOS_DEPLOYMENT_TARGET = 12.1;
				MTL_ENABLE_DEBUG_INFO = INCLUDE_SOURCE;
				MTL_FAST_MATH = YES;
				ONLY_ACTIVE_ARCH = YES;
				SDKROOT = iphoneos;
			};
			name = Debug;
		};
		568CD13F2227853100FB53A4 /* Release */ = {
			isa = XCBuildConfiguration;
			buildSettings = {
				ALWAYS_SEARCH_USER_PATHS = NO;
				CLANG_ANALYZER_NONNULL = YES;
				CLANG_ANALYZER_NUMBER_OBJECT_CONVERSION = YES_AGGRESSIVE;
				CLANG_CXX_LANGUAGE_STANDARD = "gnu++14";
				CLANG_CXX_LIBRARY = "libc++";
				CLANG_ENABLE_MODULES = YES;
				CLANG_ENABLE_OBJC_ARC = YES;
				CLANG_ENABLE_OBJC_WEAK = YES;
				CLANG_WARN_BLOCK_CAPTURE_AUTORELEASING = YES;
				CLANG_WARN_BOOL_CONVERSION = YES;
				CLANG_WARN_COMMA = YES;
				CLANG_WARN_CONSTANT_CONVERSION = YES;
				CLANG_WARN_DEPRECATED_OBJC_IMPLEMENTATIONS = YES;
				CLANG_WARN_DIRECT_OBJC_ISA_USAGE = YES_ERROR;
				CLANG_WARN_DOCUMENTATION_COMMENTS = YES;
				CLANG_WARN_EMPTY_BODY = YES;
				CLANG_WARN_ENUM_CONVERSION = YES;
				CLANG_WARN_INFINITE_RECURSION = YES;
				CLANG_WARN_INT_CONVERSION = YES;
				CLANG_WARN_NON_LITERAL_NULL_CONVERSION = YES;
				CLANG_WARN_OBJC_IMPLICIT_RETAIN_SELF = YES;
				CLANG_WARN_OBJC_LITERAL_CONVERSION = YES;
				CLANG_WARN_OBJC_ROOT_CLASS = YES_ERROR;
				CLANG_WARN_RANGE_LOOP_ANALYSIS = YES;
				CLANG_WARN_STRICT_PROTOTYPES = YES;
				CLANG_WARN_SUSPICIOUS_MOVE = YES;
				CLANG_WARN_UNGUARDED_AVAILABILITY = YES_AGGRESSIVE;
				CLANG_WARN_UNREACHABLE_CODE = YES;
				CLANG_WARN__DUPLICATE_METHOD_MATCH = YES;
				CODE_SIGN_IDENTITY = "iPhone Developer";
				COPY_PHASE_STRIP = NO;
				DEBUG_INFORMATION_FORMAT = "dwarf-with-dsym";
				ENABLE_NS_ASSERTIONS = NO;
				ENABLE_STRICT_OBJC_MSGSEND = YES;
				GCC_C_LANGUAGE_STANDARD = gnu11;
				GCC_NO_COMMON_BLOCKS = YES;
				GCC_WARN_64_TO_32_BIT_CONVERSION = YES;
				GCC_WARN_ABOUT_RETURN_TYPE = YES_ERROR;
				GCC_WARN_UNDECLARED_SELECTOR = YES;
				GCC_WARN_UNINITIALIZED_AUTOS = YES_AGGRESSIVE;
				GCC_WARN_UNUSED_FUNCTION = YES;
				GCC_WARN_UNUSED_VARIABLE = YES;
				IPHONEOS_DEPLOYMENT_TARGET = 12.1;
				MTL_ENABLE_DEBUG_INFO = NO;
				MTL_FAST_MATH = YES;
				SDKROOT = iphoneos;
				VALIDATE_PRODUCT = YES;
			};
			name = Release;
		};
		568CD1412227853100FB53A4 /* Debug */ = {
			isa = XCBuildConfiguration;
			baseConfigurationReference = C4F807930CD5084EE3FD7786 /* Pods-MaxDiary.debug.xcconfig */;
			buildSettings = {
				ASSETCATALOG_COMPILER_APPICON_NAME = AppIcon;
				CODE_SIGN_STYLE = Automatic;
				DEVELOPMENT_TEAM = "";
				GCC_PRECOMPILE_PREFIX_HEADER = YES;
				GCC_PREFIX_HEADER = "$(SRCROOT)/MaxDiary/Resources/MaxDiary-Prefix.pch";
				INFOPLIST_FILE = MaxDiary/Resources/Info.plist;
				LD_RUNPATH_SEARCH_PATHS = (
					"$(inherited)",
					"@executable_path/Frameworks",
				);
				PRODUCT_BUNDLE_IDENTIFIER = com.max.MaxDiary;
				PRODUCT_NAME = "$(TARGET_NAME)";
				TARGETED_DEVICE_FAMILY = "1,2";
			};
			name = Debug;
		};
		568CD1422227853100FB53A4 /* Release */ = {
			isa = XCBuildConfiguration;
			baseConfigurationReference = 9D8246678F9AE80587982557 /* Pods-MaxDiary.release.xcconfig */;
			buildSettings = {
				ASSETCATALOG_COMPILER_APPICON_NAME = AppIcon;
				CODE_SIGN_STYLE = Automatic;
				DEVELOPMENT_TEAM = "";
				GCC_PRECOMPILE_PREFIX_HEADER = YES;
				GCC_PREFIX_HEADER = "$(SRCROOT)/MaxDiary/Resources/MaxDiary-Prefix.pch";
				INFOPLIST_FILE = MaxDiary/Resources/Info.plist;
				LD_RUNPATH_SEARCH_PATHS = (
					"$(inherited)",
					"@executable_path/Frameworks",
				);
				PRODUCT_BUNDLE_IDENTIFIER = com.max.MaxDiary;
				PRODUCT_NAME = "$(TARGET_NAME)";
				TARGETED_DEVICE_FAMILY = "1,2";
			};
			name = Release;
		};
		568CD1442227853100FB53A4 /* Debug */ = {
			isa = XCBuildConfiguration;
			baseConfigurationReference = F7125CB84377DFF372953EC9 /* Pods-MaxDiaryTests.debug.xcconfig */;
			buildSettings = {
				BUNDLE_LOADER = "$(TEST_HOST)";
				CODE_SIGN_STYLE = Automatic;
				DEVELOPMENT_TEAM = 8K8LY55JVB;
				INFOPLIST_FILE = MaxDiaryTests/Info.plist;
				LD_RUNPATH_SEARCH_PATHS = (
					"$(inherited)",
					"@executable_path/Frameworks",
					"@loader_path/Frameworks",
				);
				PRODUCT_BUNDLE_IDENTIFIER = com.max.MaxDiaryTests;
				PRODUCT_NAME = "$(TARGET_NAME)";
				TARGETED_DEVICE_FAMILY = "1,2";
				TEST_HOST = "$(BUILT_PRODUCTS_DIR)/MaxDiary.app/MaxDiary";
			};
			name = Debug;
		};
		568CD1452227853100FB53A4 /* Release */ = {
			isa = XCBuildConfiguration;
			baseConfigurationReference = 13A1E2CA9600E4501AC08AE5 /* Pods-MaxDiaryTests.release.xcconfig */;
			buildSettings = {
				BUNDLE_LOADER = "$(TEST_HOST)";
				CODE_SIGN_STYLE = Automatic;
				DEVELOPMENT_TEAM = 8K8LY55JVB;
				INFOPLIST_FILE = MaxDiaryTests/Info.plist;
				LD_RUNPATH_SEARCH_PATHS = (
					"$(inherited)",
					"@executable_path/Frameworks",
					"@loader_path/Frameworks",
				);
				PRODUCT_BUNDLE_IDENTIFIER = com.max.MaxDiaryTests;
				PRODUCT_NAME = "$(TARGET_NAME)";
				TARGETED_DEVICE_FAMILY = "1,2";
				TEST_HOST = "$(BUILT_PRODUCTS_DIR)/MaxDiary.app/MaxDiary";
			};
			name = Release;
		};
		568CD1472227853100FB53A4 /* Debug */ = {
			isa = XCBuildConfiguration;
			baseConfigurationReference = B3B3939CB5C8D70B41F51253 /* Pods-MaxDiaryUITests.debug.xcconfig */;
			buildSettings = {
				CODE_SIGN_STYLE = Automatic;
				DEVELOPMENT_TEAM = 8K8LY55JVB;
				INFOPLIST_FILE = MaxDiaryUITests/Info.plist;
				LD_RUNPATH_SEARCH_PATHS = (
					"$(inherited)",
					"@executable_path/Frameworks",
					"@loader_path/Frameworks",
				);
				PRODUCT_BUNDLE_IDENTIFIER = com.max.MaxDiaryUITests;
				PRODUCT_NAME = "$(TARGET_NAME)";
				TARGETED_DEVICE_FAMILY = "1,2";
				TEST_TARGET_NAME = MaxDiary;
			};
			name = Debug;
		};
		568CD1482227853100FB53A4 /* Release */ = {
			isa = XCBuildConfiguration;
			baseConfigurationReference = 4775147C6F6ED317821AD0C2 /* Pods-MaxDiaryUITests.release.xcconfig */;
			buildSettings = {
				CODE_SIGN_STYLE = Automatic;
				DEVELOPMENT_TEAM = 8K8LY55JVB;
				INFOPLIST_FILE = MaxDiaryUITests/Info.plist;
				LD_RUNPATH_SEARCH_PATHS = (
					"$(inherited)",
					"@executable_path/Frameworks",
					"@loader_path/Frameworks",
				);
				PRODUCT_BUNDLE_IDENTIFIER = com.max.MaxDiaryUITests;
				PRODUCT_NAME = "$(TARGET_NAME)";
				TARGETED_DEVICE_FAMILY = "1,2";
				TEST_TARGET_NAME = MaxDiary;
			};
			name = Release;
		};
/* End XCBuildConfiguration section */

/* Begin XCConfigurationList section */
		568CD10C2227852F00FB53A4 /* Build configuration list for PBXProject "MaxDiary" */ = {
			isa = XCConfigurationList;
			buildConfigurations = (
				568CD13E2227853100FB53A4 /* Debug */,
				568CD13F2227853100FB53A4 /* Release */,
			);
			defaultConfigurationIsVisible = 0;
			defaultConfigurationName = Release;
		};
		568CD1402227853100FB53A4 /* Build configuration list for PBXNativeTarget "MaxDiary" */ = {
			isa = XCConfigurationList;
			buildConfigurations = (
				568CD1412227853100FB53A4 /* Debug */,
				568CD1422227853100FB53A4 /* Release */,
			);
			defaultConfigurationIsVisible = 0;
			defaultConfigurationName = Release;
		};
		568CD1432227853100FB53A4 /* Build configuration list for PBXNativeTarget "MaxDiaryTests" */ = {
			isa = XCConfigurationList;
			buildConfigurations = (
				568CD1442227853100FB53A4 /* Debug */,
				568CD1452227853100FB53A4 /* Release */,
			);
			defaultConfigurationIsVisible = 0;
			defaultConfigurationName = Release;
		};
		568CD1462227853100FB53A4 /* Build configuration list for PBXNativeTarget "MaxDiaryUITests" */ = {
			isa = XCConfigurationList;
			buildConfigurations = (
				568CD1472227853100FB53A4 /* Debug */,
				568CD1482227853100FB53A4 /* Release */,
			);
			defaultConfigurationIsVisible = 0;
			defaultConfigurationName = Release;
		};
/* End XCConfigurationList section */

/* Begin XCVersionGroup section */
		568CD1582227D50500FB53A4 /* MaxDiary.xcdatamodeld */ = {
			isa = XCVersionGroup;
			children = (
				568CD1592227D50500FB53A4 /* MaxDiary.xcdatamodel */,
			);
			currentVersion = 568CD1592227D50500FB53A4 /* MaxDiary.xcdatamodel */;
			path = MaxDiary.xcdatamodeld;
			sourceTree = "<group>";
			versionGroupType = wrapper.xcdatamodel;
		};
/* End XCVersionGroup section */
	};
	rootObject = 568CD1092227852F00FB53A4 /* Project object */;
}
